
Microsoft Visual Studio Solution File, Format Version 12.00
# Visual Studio Version 17
VisualStudioVersion = 17.10.35013.160
MinimumVisualStudioVersion = 10.0.40219.1
Project("{FAE04EC0-301F-11D3-BF4B-00C04F79EFBC}") = "Testes", "Testes\Testes.csproj", "{2FB44EB3-33B9-434D-8B2A-58C07699546D}"
EndProject
Global
	GlobalSection(SolutionConfigurationPlatforms) = preSolution
		Debug|Any CPU = Debug|Any CPU
		Release|Any CPU = Release|Any CPU
	EndGlobalSection
	GlobalSection(ProjectConfigurationPlatforms) = postSolution
		{2FB44EB3-33B9-434D-8B2A-58C07699546D}.Debug|Any CPU.ActiveCfg = Debug|Any CPU
		{2FB44EB3-33B9-434D-8B2A-58C07699546D}.Debug|Any CPU.Build.0 = Debug|Any CPU
		{2FB44EB3-33B9-434D-8B2A-58C07699546D}.Release|Any CPU.ActiveCfg = Release|Any CPU
		{2FB44EB3-33B9-434D-8B2A-58C07699546D}.Release|Any CPU.Build.0 = Release|Any CPU
	EndGlobalSection
	GlobalSection(SolutionProperties) = preSolution
		HideSolutionNode = FALSE
	EndGlobalSection
	GlobalSection(ExtensibilityGlobals) = postSolution
		SolutionGuid = {828CDF6C-D1A0-4721-86DF-A0561A15D72D}
	EndGlobalSection
EndGlobal
